// !$*UTF8*$!
{
	archiveVersion = 1;
	classes = {
	};
	objectVersion = 46;
	objects = {

/* Begin PBXBuildFile section */
		9B97C0CC1898CBA00000E631 /* Foundation.framework in Frameworks */ = {isa = PBXBuildFile; fileRef = 9B97C0CB1898CBA00000E631 /* Foundation.framework */; };
		9B97C0CE1898CBA00000E631 /* CoreGraphics.framework in Frameworks */ = {isa = PBXBuildFile; fileRef = 9B97C0CD1898CBA00000E631 /* CoreGraphics.framework */; };
		9B97C0D01898CBA10000E631 /* UIKit.framework in Frameworks */ = {isa = PBXBuildFile; fileRef = 9B97C0CF1898CBA10000E631 /* UIKit.framework */; };
		9B97C0D61898CBA10000E631 /* InfoPlist.strings in Resources */ = {isa = PBXBuildFile; fileRef = 9B97C0D41898CBA10000E631 /* InfoPlist.strings */; };
		9B97C0D81898CBA10000E631 /* main.m in Sources */ = {isa = PBXBuildFile; fileRef = 9B97C0D71898CBA10000E631 /* main.m */; };
		9B97C0DC1898CBA10000E631 /* BBBAppDelegate.m in Sources */ = {isa = PBXBuildFile; fileRef = 9B97C0DB1898CBA10000E631 /* BBBAppDelegate.m */; };
		9B97C0DF1898CBA10000E631 /* Main.storyboard in Resources */ = {isa = PBXBuildFile; fileRef = 9B97C0DD1898CBA10000E631 /* Main.storyboard */; };
		9B97C0E21898CBA10000E631 /* BBBViewController.m in Sources */ = {isa = PBXBuildFile; fileRef = 9B97C0E11898CBA10000E631 /* BBBViewController.m */; };
		9B97C0E41898CBA10000E631 /* Images.xcassets in Resources */ = {isa = PBXBuildFile; fileRef = 9B97C0E31898CBA10000E631 /* Images.xcassets */; };
		9B97C0EB1898CBA10000E631 /* XCTest.framework in Frameworks */ = {isa = PBXBuildFile; fileRef = 9B97C0EA1898CBA10000E631 /* XCTest.framework */; };
		9B97C0EC1898CBA10000E631 /* Foundation.framework in Frameworks */ = {isa = PBXBuildFile; fileRef = 9B97C0CB1898CBA00000E631 /* Foundation.framework */; };
		9B97C0ED1898CBA10000E631 /* UIKit.framework in Frameworks */ = {isa = PBXBuildFile; fileRef = 9B97C0CF1898CBA10000E631 /* UIKit.framework */; };
		9B97C0F51898CBA10000E631 /* InfoPlist.strings in Resources */ = {isa = PBXBuildFile; fileRef = 9B97C0F31898CBA10000E631 /* InfoPlist.strings */; };
		9B97C0F71898CBA10000E631 /* BasicBeacon_for_BudheadsTests.m in Sources */ = {isa = PBXBuildFile; fileRef = 9B97C0F61898CBA10000E631 /* BasicBeacon_for_BudheadsTests.m */; };
		9B97C1021898CC620000E631 /* CoreBluetooth.framework in Frameworks */ = {isa = PBXBuildFile; fileRef = 9B97C1001898CC620000E631 /* CoreBluetooth.framework */; };
		9B97C1031898CC620000E631 /* CoreLocation.framework in Frameworks */ = {isa = PBXBuildFile; fileRef = 9B97C1011898CC620000E631 /* CoreLocation.framework */; };
/* End PBXBuildFile section */

/* Begin PBXContainerItemProxy section */
		9B97C0EE1898CBA10000E631 /* PBXContainerItemProxy */ = {
			isa = PBXContainerItemProxy;
			containerPortal = 9B97C0C01898CBA00000E631 /* Project object */;
			proxyType = 1;
			remoteGlobalIDString = 9B97C0C71898CBA00000E631;
			remoteInfo = "BasicBeacon for Budheads";
		};
/* End PBXContainerItemProxy section */

/* Begin PBXFileReference section */
		9B97C0C81898CBA00000E631 /* BasicBeacon for Budheads.app */ = {isa = PBXFileReference; explicitFileType = wrapper.application; includeInIndex = 0; path = "BasicBeacon for Budheads.app"; sourceTree = BUILT_PRODUCTS_DIR; };
		9B97C0CB1898CBA00000E631 /* Foundation.framework */ = {isa = PBXFileReference; lastKnownFileType = wrapper.framework; name = Foundation.framework; path = System/Library/Frameworks/Foundation.framework; sourceTree = SDKROOT; };
		9B97C0CD1898CBA00000E631 /* CoreGraphics.framework */ = {isa = PBXFileReference; lastKnownFileType = wrapper.framework; name = CoreGraphics.framework; path = System/Library/Frameworks/CoreGraphics.framework; sourceTree = SDKROOT; };
		9B97C0CF1898CBA10000E631 /* UIKit.framework */ = {isa = PBXFileReference; lastKnownFileType = wrapper.framework; name = UIKit.framework; path = System/Library/Frameworks/UIKit.framework; sourceTree = SDKROOT; };
		9B97C0D31898CBA10000E631 /* BasicBeacon for Budheads-Info.plist */ = {isa = PBXFileReference; lastKnownFileType = text.plist.xml; path = "BasicBeacon for Budheads-Info.plist"; sourceTree = "<group>"; };
		9B97C0D51898CBA10000E631 /* en */ = {isa = PBXFileReference; lastKnownFileType = text.plist.strings; name = en; path = en.lproj/InfoPlist.strings; sourceTree = "<group>"; };
		9B97C0D71898CBA10000E631 /* main.m */ = {isa = PBXFileReference; lastKnownFileType = sourcecode.c.objc; path = main.m; sourceTree = "<group>"; };
		9B97C0D91898CBA10000E631 /* BasicBeacon for Budheads-Prefix.pch */ = {isa = PBXFileReference; lastKnownFileType = sourcecode.c.h; path = "BasicBeacon for Budheads-Prefix.pch"; sourceTree = "<group>"; };
		9B97C0DA1898CBA10000E631 /* BBBAppDelegate.h */ = {isa = PBXFileReference; lastKnownFileType = sourcecode.c.h; path = BBBAppDelegate.h; sourceTree = "<group>"; };
		9B97C0DB1898CBA10000E631 /* BBBAppDelegate.m */ = {isa = PBXFileReference; lastKnownFileType = sourcecode.c.objc; path = BBBAppDelegate.m; sourceTree = "<group>"; };
		9B97C0DE1898CBA10000E631 /* Base */ = {isa = PBXFileReference; lastKnownFileType = file.storyboard; name = Base; path = Base.lproj/Main.storyboard; sourceTree = "<group>"; };
		9B97C0E01898CBA10000E631 /* BBBViewController.h */ = {isa = PBXFileReference; lastKnownFileType = sourcecode.c.h; path = BBBViewController.h; sourceTree = "<group>"; };
		9B97C0E11898CBA10000E631 /* BBBViewController.m */ = {isa = PBXFileReference; lastKnownFileType = sourcecode.c.objc; path = BBBViewController.m; sourceTree = "<group>"; };
		9B97C0E31898CBA10000E631 /* Images.xcassets */ = {isa = PBXFileReference; lastKnownFileType = folder.assetcatalog; path = Images.xcassets; sourceTree = "<group>"; };
		9B97C0E91898CBA10000E631 /* BasicBeacon for BudheadsTests.xctest */ = {isa = PBXFileReference; explicitFileType = wrapper.cfbundle; includeInIndex = 0; path = "BasicBeacon for BudheadsTests.xctest"; sourceTree = BUILT_PRODUCTS_DIR; };
		9B97C0EA1898CBA10000E631 /* XCTest.framework */ = {isa = PBXFileReference; lastKnownFileType = wrapper.framework; name = XCTest.framework; path = Library/Frameworks/XCTest.framework; sourceTree = DEVELOPER_DIR; };
		9B97C0F21898CBA10000E631 /* BasicBeacon for BudheadsTests-Info.plist */ = {isa = PBXFileReference; lastKnownFileType = text.plist.xml; path = "BasicBeacon for BudheadsTests-Info.plist"; sourceTree = "<group>"; };
		9B97C0F41898CBA10000E631 /* en */ = {isa = PBXFileReference; lastKnownFileType = text.plist.strings; name = en; path = en.lproj/InfoPlist.strings; sourceTree = "<group>"; };
		9B97C0F61898CBA10000E631 /* BasicBeacon_for_BudheadsTests.m */ = {isa = PBXFileReference; lastKnownFileType = sourcecode.c.objc; path = BasicBeacon_for_BudheadsTests.m; sourceTree = "<group>"; };
		9B97C1001898CC620000E631 /* CoreBluetooth.framework */ = {isa = PBXFileReference; lastKnownFileType = wrapper.framework; name = CoreBluetooth.framework; path = System/Library/Frameworks/CoreBluetooth.framework; sourceTree = SDKROOT; };
		9B97C1011898CC620000E631 /* CoreLocation.framework */ = {isa = PBXFileReference; lastKnownFileType = wrapper.framework; name = CoreLocation.framework; path = System/Library/Frameworks/CoreLocation.framework; sourceTree = SDKROOT; };
/* End PBXFileReference section */

/* Begin PBXFrameworksBuildPhase section */
		9B97C0C51898CBA00000E631 /* Frameworks */ = {
			isa = PBXFrameworksBuildPhase;
			buildActionMask = 2147483647;
			files = (
				9B97C1021898CC620000E631 /* CoreBluetooth.framework in Frameworks */,
				9B97C1031898CC620000E631 /* CoreLocation.framework in Frameworks */,
				9B97C0CE1898CBA00000E631 /* CoreGraphics.framework in Frameworks */,
				9B97C0D01898CBA10000E631 /* UIKit.framework in Frameworks */,
				9B97C0CC1898CBA00000E631 /* Foundation.framework in Frameworks */,
			);
			runOnlyForDeploymentPostprocessing = 0;
		};
		9B97C0E61898CBA10000E631 /* Frameworks */ = {
			isa = PBXFrameworksBuildPhase;
			buildActionMask = 2147483647;
			files = (
				9B97C0EB1898CBA10000E631 /* XCTest.framework in Frameworks */,
				9B97C0ED1898CBA10000E631 /* UIKit.framework in Frameworks */,
				9B97C0EC1898CBA10000E631 /* Foundation.framework in Frameworks */,
			);
			runOnlyForDeploymentPostprocessing = 0;
		};
/* End PBXFrameworksBuildPhase section */

/* Begin PBXGroup section */
		9B97C0BF1898CBA00000E631 = {
			isa = PBXGroup;
			children = (
				9B97C0D11898CBA10000E631 /* BasicBeacon for Budheads */,
				9B97C0F01898CBA10000E631 /* BasicBeacon for BudheadsTests */,
				9B97C0CA1898CBA00000E631 /* Frameworks */,
				9B97C0C91898CBA00000E631 /* Products */,
			);
			sourceTree = "<group>";
		};
		9B97C0C91898CBA00000E631 /* Products */ = {
			isa = PBXGroup;
			children = (
				9B97C0C81898CBA00000E631 /* BasicBeacon for Budheads.app */,
				9B97C0E91898CBA10000E631 /* BasicBeacon for BudheadsTests.xctest */,
			);
			name = Products;
			sourceTree = "<group>";
		};
		9B97C0CA1898CBA00000E631 /* Frameworks */ = {
			isa = PBXGroup;
			children = (
				9B97C1001898CC620000E631 /* CoreBluetooth.framework */,
				9B97C1011898CC620000E631 /* CoreLocation.framework */,
				9B97C0CB1898CBA00000E631 /* Foundation.framework */,
				9B97C0CD1898CBA00000E631 /* CoreGraphics.framework */,
				9B97C0CF1898CBA10000E631 /* UIKit.framework */,
				9B97C0EA1898CBA10000E631 /* XCTest.framework */,
			);
			name = Frameworks;
			sourceTree = "<group>";
		};
		9B97C0D11898CBA10000E631 /* BasicBeacon for Budheads */ = {
			isa = PBXGroup;
			children = (
				9B97C0DA1898CBA10000E631 /* BBBAppDelegate.h */,
				9B97C0DB1898CBA10000E631 /* BBBAppDelegate.m */,
				9B97C0DD1898CBA10000E631 /* Main.storyboard */,
				9B97C0E01898CBA10000E631 /* BBBViewController.h */,
				9B97C0E11898CBA10000E631 /* BBBViewController.m */,
				9B97C0E31898CBA10000E631 /* Images.xcassets */,
				9B97C0D21898CBA10000E631 /* Supporting Files */,
			);
			path = "BasicBeacon for Budheads";
			sourceTree = "<group>";
		};
		9B97C0D21898CBA10000E631 /* Supporting Files */ = {
			isa = PBXGroup;
			children = (
				9B97C0D31898CBA10000E631 /* BasicBeacon for Budheads-Info.plist */,
				9B97C0D41898CBA10000E631 /* InfoPlist.strings */,
				9B97C0D71898CBA10000E631 /* main.m */,
				9B97C0D91898CBA10000E631 /* BasicBeacon for Budheads-Prefix.pch */,
			);
			name = "Supporting Files";
			sourceTree = "<group>";
		};
		9B97C0F01898CBA10000E631 /* BasicBeacon for BudheadsTests */ = {
			isa = PBXGroup;
			children = (
				9B97C0F61898CBA10000E631 /* BasicBeacon_for_BudheadsTests.m */,
				9B97C0F11898CBA10000E631 /* Supporting Files */,
			);
			path = "BasicBeacon for BudheadsTests";
			sourceTree = "<group>";
		};
		9B97C0F11898CBA10000E631 /* Supporting Files */ = {
			isa = PBXGroup;
			children = (
				9B97C0F21898CBA10000E631 /* BasicBeacon for BudheadsTests-Info.plist */,
				9B97C0F31898CBA10000E631 /* InfoPlist.strings */,
			);
			name = "Supporting Files";
			sourceTree = "<group>";
		};
/* End PBXGroup section */

/* Begin PBXNativeTarget section */
		9B97C0C71898CBA00000E631 /* BasicBeacon for Budheads */ = {
			isa = PBXNativeTarget;
			buildConfigurationList = 9B97C0FA1898CBA10000E631 /* Build configuration list for PBXNativeTarget "BasicBeacon for Budheads" */;
			buildPhases = (
				9B97C0C41898CBA00000E631 /* Sources */,
				9B97C0C51898CBA00000E631 /* Frameworks */,
				9B97C0C61898CBA00000E631 /* Resources */,
			);
			buildRules = (
			);
			dependencies = (
			);
			name = "BasicBeacon for Budheads";
			productName = "BasicBeacon for Budheads";
			productReference = 9B97C0C81898CBA00000E631 /* BasicBeacon for Budheads.app */;
			productType = "com.apple.product-type.application";
		};
		9B97C0E81898CBA10000E631 /* BasicBeacon for BudheadsTests */ = {
			isa = PBXNativeTarget;
			buildConfigurationList = 9B97C0FD1898CBA10000E631 /* Build configuration list for PBXNativeTarget "BasicBeacon for BudheadsTests" */;
			buildPhases = (
				9B97C0E51898CBA10000E631 /* Sources */,
				9B97C0E61898CBA10000E631 /* Frameworks */,
				9B97C0E71898CBA10000E631 /* Resources */,
			);
			buildRules = (
			);
			dependencies = (
				9B97C0EF1898CBA10000E631 /* PBXTargetDependency */,
			);
			name = "BasicBeacon for BudheadsTests";
			productName = "BasicBeacon for BudheadsTests";
			productReference = 9B97C0E91898CBA10000E631 /* BasicBeacon for BudheadsTests.xctest */;
			productType = "com.apple.product-type.bundle.unit-test";
		};
/* End PBXNativeTarget section */

/* Begin PBXProject section */
		9B97C0C01898CBA00000E631 /* Project object */ = {
			isa = PBXProject;
			attributes = {
				CLASSPREFIX = BBB;
				LastUpgradeCheck = 0500;
				ORGANIZATIONNAME = Bitmachines.net;
				TargetAttributes = {
					9B97C0C71898CBA00000E631 = {
						DevelopmentTeam = WR78L5GKN3;
					};
					9B97C0E81898CBA10000E631 = {
						TestTargetID = 9B97C0C71898CBA00000E631;
					};
				};
			};
			buildConfigurationList = 9B97C0C31898CBA00000E631 /* Build configuration list for PBXProject "BasicBeacon for Budheads" */;
			compatibilityVersion = "Xcode 3.2";
			developmentRegion = English;
			hasScannedForEncodings = 0;
			knownRegions = (
				en,
				Base,
			);
			mainGroup = 9B97C0BF1898CBA00000E631;
			productRefGroup = 9B97C0C91898CBA00000E631 /* Products */;
			projectDirPath = "";
			projectRoot = "";
			targets = (
				9B97C0C71898CBA00000E631 /* BasicBeacon for Budheads */,
				9B97C0E81898CBA10000E631 /* BasicBeacon for BudheadsTests */,
			);
		};
/* End PBXProject section */

/* Begin PBXResourcesBuildPhase section */
		9B97C0C61898CBA00000E631 /* Resources */ = {
			isa = PBXResourcesBuildPhase;
			buildActionMask = 2147483647;
			files = (
				9B97C0E41898CBA10000E631 /* Images.xcassets in Resources */,
				9B97C0D61898CBA10000E631 /* InfoPlist.strings in Resources */,
				9B97C0DF1898CBA10000E631 /* Main.storyboard in Resources */,
			);
			runOnlyForDeploymentPostprocessing = 0;
		};
		9B97C0E71898CBA10000E631 /* Resources */ = {
			isa = PBXResourcesBuildPhase;
			buildActionMask = 2147483647;
			files = (
				9B97C0F51898CBA10000E631 /* InfoPlist.strings in Resources */,
			);
			runOnlyForDeploymentPostprocessing = 0;
		};
/* End PBXResourcesBuildPhase section */

/* Begin PBXSourcesBuildPhase section */
		9B97C0C41898CBA00000E631 /* Sources */ = {
			isa = PBXSourcesBuildPhase;
			buildActionMask = 2147483647;
			files = (
				9B97C0D81898CBA10000E631 /* main.m in Sources */,
				9B97C0E21898CBA10000E631 /* BBBViewController.m in Sources */,
				9B97C0DC1898CBA10000E631 /* BBBAppDelegate.m in Sources */,
			);
			runOnlyForDeploymentPostprocessing = 0;
		};
		9B97C0E51898CBA10000E631 /* Sources */ = {
			isa = PBXSourcesBuildPhase;
			buildActionMask = 2147483647;
			files = (
				9B97C0F71898CBA10000E631 /* BasicBeacon_for_BudheadsTests.m in Sources */,
			);
			runOnlyForDeploymentPostprocessing = 0;
		};
/* End PBXSourcesBuildPhase section */

/* Begin PBXTargetDependency section */
		9B97C0EF1898CBA10000E631 /* PBXTargetDependency */ = {
			isa = PBXTargetDependency;
			target = 9B97C0C71898CBA00000E631 /* BasicBeacon for Budheads */;
			targetProxy = 9B97C0EE1898CBA10000E631 /* PBXContainerItemProxy */;
		};
/* End PBXTargetDependency section */

/* Begin PBXVariantGroup section */
		9B97C0D41898CBA10000E631 /* InfoPlist.strings */ = {
			isa = PBXVariantGroup;
			children = (
				9B97C0D51898CBA10000E631 /* en */,
			);
			name = InfoPlist.strings;
			sourceTree = "<group>";
		};
		9B97C0DD1898CBA10000E631 /* Main.storyboard */ = {
			isa = PBXVariantGroup;
			children = (
				9B97C0DE1898CBA10000E631 /* Base */,
			);
			name = Main.storyboard;
			sourceTree = "<group>";
		};
		9B97C0F31898CBA10000E631 /* InfoPlist.strings */ = {
			isa = PBXVariantGroup;
			children = (
				9B97C0F41898CBA10000E631 /* en */,
			);
			name = InfoPlist.strings;
			sourceTree = "<group>";
		};
/* End PBXVariantGroup section */

/* Begin XCBuildConfiguration section */
		9B97C0F81898CBA10000E631 /* Debug */ = {
			isa = XCBuildConfiguration;
			buildSettings = {
				ALWAYS_SEARCH_USER_PATHS = NO;
				ARCHS = "$(ARCHS_STANDARD_INCLUDING_64_BIT)";
				CLANG_CXX_LANGUAGE_STANDARD = "gnu++0x";
				CLANG_CXX_LIBRARY = "libc++";
				CLANG_ENABLE_MODULES = YES;
				CLANG_ENABLE_OBJC_ARC = YES;
				CLANG_WARN_BOOL_CONVERSION = YES;
				CLANG_WARN_CONSTANT_CONVERSION = YES;
				CLANG_WARN_DIRECT_OBJC_ISA_USAGE = YES_ERROR;
				CLANG_WARN_EMPTY_BODY = YES;
				CLANG_WARN_ENUM_CONVERSION = YES;
				CLANG_WARN_INT_CONVERSION = YES;
				CLANG_WARN_OBJC_ROOT_CLASS = YES_ERROR;
				CLANG_WARN__DUPLICATE_METHOD_MATCH = YES;
				"CODE_SIGN_IDENTITY[sdk=iphoneos*]" = "iPhone Developer";
				COPY_PHASE_STRIP = NO;
				GCC_C_LANGUAGE_STANDARD = gnu99;
				GCC_DYNAMIC_NO_PIC = NO;
				GCC_OPTIMIZATION_LEVEL = 0;
				GCC_PREPROCESSOR_DEFINITIONS = (
					"DEBUG=1",
					"$(inherited)",
				);
				GCC_SYMBOLS_PRIVATE_EXTERN = NO;
				GCC_WARN_64_TO_32_BIT_CONVERSION = YES;
				GCC_WARN_ABOUT_RETURN_TYPE = YES_ERROR;
				GCC_WARN_UNDECLARED_SELECTOR = YES;
				GCC_WARN_UNINITIALIZED_AUTOS = YES;
				GCC_WARN_UNUSED_FUNCTION = YES;
				GCC_WARN_UNUSED_VARIABLE = YES;
				IPHONEOS_DEPLOYMENT_TARGET = 7.0;
				ONLY_ACTIVE_ARCH = YES;
				SDKROOT = iphoneos;
			};
			name = Debug;
		};
		9B97C0F91898CBA10000E631 /* Release */ = {
			isa = XCBuildConfiguration;
			buildSettings = {
				ALWAYS_SEARCH_USER_PATHS = NO;
				ARCHS = "$(ARCHS_STANDARD_INCLUDING_64_BIT)";
				CLANG_CXX_LANGUAGE_STANDARD = "gnu++0x";
				CLANG_CXX_LIBRARY = "libc++";
				CLANG_ENABLE_MODULES = YES;
				CLANG_ENABLE_OBJC_ARC = YES;
				CLANG_WARN_BOOL_CONVERSION = YES;
				CLANG_WARN_CONSTANT_CONVERSION = YES;
				CLANG_WARN_DIRECT_OBJC_ISA_USAGE = YES_ERROR;
				CLANG_WARN_EMPTY_BODY = YES;
				CLANG_WARN_ENUM_CONVERSION = YES;
				CLANG_WARN_INT_CONVERSION = YES;
				CLANG_WARN_OBJC_ROOT_CLASS = YES_ERROR;
				CLANG_WARN__DUPLICATE_METHOD_MATCH = YES;
				"CODE_SIGN_IDENTITY[sdk=iphoneos*]" = "iPhone Developer";
				COPY_PHASE_STRIP = YES;
				ENABLE_NS_ASSERTIONS = NO;
				GCC_C_LANGUAGE_STANDARD = gnu99;
				GCC_WARN_64_TO_32_BIT_CONVERSION = YES;
				GCC_WARN_ABOUT_RETURN_TYPE = YES_ERROR;
				GCC_WARN_UNDECLARED_SELECTOR = YES;
				GCC_WARN_UNINITIALIZED_AUTOS = YES;
				GCC_WARN_UNUSED_FUNCTION = YES;
				GCC_WARN_UNUSED_VARIABLE = YES;
				IPHONEOS_DEPLOYMENT_TARGET = 7.0;
				SDKROOT = iphoneos;
				VALIDATE_PRODUCT = YES;
			};
			name = Release;
		};
		9B97C0FB1898CBA10000E631 /* Debug */ = {
			isa = XCBuildConfiguration;
			buildSettings = {
				ASSETCATALOG_COMPILER_APPICON_NAME = AppIcon;
				ASSETCATALOG_COMPILER_LAUNCHIMAGE_NAME = LaunchImage;
				CODE_SIGN_IDENTITY = "iPhone Developer";
				GCC_PRECOMPILE_PREFIX_HEADER = YES;
				GCC_PREFIX_HEADER = "BasicBeacon for Budheads/BasicBeacon for Budheads-Prefix.pch";
				INFOPLIST_FILE = "BasicBeacon for Budheads/BasicBeacon for Budheads-Info.plist";
				PRODUCT_NAME = "$(TARGET_NAME)";
				WRAPPER_EXTENSION = app;
			};
			name = Debug;
		};
		9B97C0FC1898CBA10000E631 /* Release */ = {
			isa = XCBuildConfiguration;
			buildSettings = {
				ASSETCATALOG_COMPILER_APPICON_NAME = AppIcon;
				ASSETCATALOG_COMPILER_LAUNCHIMAGE_NAME = LaunchImage;
				CODE_SIGN_IDENTITY = "iPhone Developer";
				GCC_PRECOMPILE_PREFIX_HEADER = YES;
				GCC_PREFIX_HEADER = "BasicBeacon for Budheads/BasicBeacon for Budheads-Prefix.pch";
				INFOPLIST_FILE = "BasicBeacon for Budheads/BasicBeacon for Budheads-Info.plist";
				PRODUCT_NAME = "$(TARGET_NAME)";
				WRAPPER_EXTENSION = app;
			};
			name = Release;
		};
		9B97C0FE1898CBA10000E631 /* Debug */ = {
			isa = XCBuildConfiguration;
			buildSettings = {
				ARCHS = "$(ARCHS_STANDARD_INCLUDING_64_BIT)";
				BUNDLE_LOADER = "$(BUILT_PRODUCTS_DIR)/BasicBeacon for Budheads.app/BasicBeacon for Budheads";
				FRAMEWORK_SEARCH_PATHS = (
					"$(SDKROOT)/Developer/Library/Frameworks",
					"$(inherited)",
					"$(DEVELOPER_FRAMEWORKS_DIR)",
				);
				GCC_PRECOMPILE_PREFIX_HEADER = YES;
				GCC_PREFIX_HEADER = "BasicBeacon for Budheads/BasicBeacon for Budheads-Prefix.pch";
				GCC_PREPROCESSOR_DEFINITIONS = (
					"DEBUG=1",
					"$(inherited)",
				);
				INFOPLIST_FILE = "BasicBeacon for BudheadsTests/BasicBeacon for BudheadsTests-Info.plist";
				PRODUCT_NAME = "$(TARGET_NAME)";
				TEST_HOST = "$(BUNDLE_LOADER)";
				WRAPPER_EXTENSION = xctest;
			};
			name = Debug;
		};
		9B97C0FF1898CBA10000E631 /* Release */ = {
			isa = XCBuildConfiguration;
			buildSettings = {
				ARCHS = "$(ARCHS_STANDARD_INCLUDING_64_BIT)";
				BUNDLE_LOADER = "$(BUILT_PRODUCTS_DIR)/BasicBeacon for Budheads.app/BasicBeacon for Budheads";
				FRAMEWORK_SEARCH_PATHS = (
					"$(SDKROOT)/Developer/Library/Frameworks",
					"$(inherited)",
					"$(DEVELOPER_FRAMEWORKS_DIR)",
				);
				GCC_PRECOMPILE_PREFIX_HEADER = YES;
				GCC_PREFIX_HEADER = "BasicBeacon for Budheads/BasicBeacon for Budheads-Prefix.pch";
				INFOPLIST_FILE = "BasicBeacon for BudheadsTests/BasicBeacon for BudheadsTests-Info.plist";
				PRODUCT_NAME = "$(TARGET_NAME)";
				TEST_HOST = "$(BUNDLE_LOADER)";
				WRAPPER_EXTENSION = xctest;
			};
			name = Release;
		};
/* End XCBuildConfiguration section */

/* Begin XCConfigurationList section */
		9B97C0C31898CBA00000E631 /* Build configuration list for PBXProject "BasicBeacon for Budheads" */ = {
			isa = XCConfigurationList;
			buildConfigurations = (
				9B97C0F81898CBA10000E631 /* Debug */,
				9B97C0F91898CBA10000E631 /* Release */,
			);
			defaultConfigurationIsVisible = 0;
			defaultConfigurationName = Release;
		};
		9B97C0FA1898CBA10000E631 /* Build configuration list for PBXNativeTarget "BasicBeacon for Budheads" */ = {
			isa = XCConfigurationList;
			buildConfigurations = (
				9B97C0FB1898CBA10000E631 /* Debug */,
				9B97C0FC1898CBA10000E631 /* Release */,
			);
			defaultConfigurationIsVisible = 0;
		};
		9B97C0FD1898CBA10000E631 /* Build configuration list for PBXNativeTarget "BasicBeacon for BudheadsTests" */ = {
			isa = XCConfigurationList;
			buildConfigurations = (
				9B97C0FE1898CBA10000E631 /* Debug */,
				9B97C0FF1898CBA10000E631 /* Release */,
			);
			defaultConfigurationIsVisible = 0;
		};
/* End XCConfigurationList section */
	};
	rootObject = 9B97C0C01898CBA00000E631 /* Project object */;
}
